{
    "nelmio/api-doc-bundle": {
        "version": "2.13",
        "recipe": {
            "repo": "github.com/symfony/recipes-contrib",
            "branch": "master",
            "version": "2.13",
            "ref": "d13bb99357ebcd2ffb6fe808a64961f5bc1c7546"
        },
        "files": [
            "config/packages/nelmio_api_doc.yaml",
            "config/routes/nelmio_api_doc.yaml"
        ]
    },
    "swp/common": {
        "version": "2.0-dev"
    },
    "swp/settings-bundle": {
        "version": "2.0-dev"
    },
    "swp/storage": {
        "version": "2.0-dev"
    },
    "swp/storage-bundle": {
        "version": "2.0-dev"
    },
    "symfony/http-client": {
        "version": "v4.3.3"
    },
    "symfony/http-client-contracts": {
        "version": "v1.1.5"
    }
}
