{
    "brick/math": {
        "version": "0.8.15"
    },
    "friends-of-behat/mink-extension": {
        "version": "2.3.1"
    },
    "ramsey/collection": {
        "version": "1.0.1"
    },
    "swp/common": {
        "version": "2.0-dev"
    },
    "swp/settings-bundle": {
        "version": "2.0-dev"
    },
    "swp/storage": {
        "version": "2.0-dev"
    },
    "swp/storage-bundle": {
        "version": "2.0-dev"
    },
    "symfony/http-client": {
        "version": "v4.3.3"
    },
    "symfony/http-client-contracts": {
        "version": "v1.1.5"
    },
    "symfony/polyfill-intl-grapheme": {
        "version": "v1.16.0"
    },
    "symfony/polyfill-intl-normalizer": {
        "version": "v1.16.0"
    },
    "symfony/string": {
        "version": "v5.0.8"
    },
    "twig/extra-bundle": {
        "version": "v3.0.3"
    },
    "twig/string-extra": {
        "version": "v3.0.3"
    }
}
